
Microsoft Visual Studio Solution File, Format Version 12.00
# Visual Studio Version 17
VisualStudioVersion = 17.4.33403.182
MinimumVisualStudioVersion = 10.0.40219.1
Project("{FAE04EC0-301F-11D3-BF4B-00C04F79EFBC}") = "PNChatServer", "PNChatServer\PNChatServer.csproj", "{022E98F9-9ECD-4F69-AC53-E86376CD4A14}"
EndProject
Global
	GlobalSection(SolutionConfigurationPlatforms) = preSolution
		Debug|Any CPU = Debug|Any CPU
		Release|Any CPU = Release|Any CPU
	EndGlobalSection
	GlobalSection(ProjectConfigurationPlatforms) = postSolution
		{022E98F9-9ECD-4F69-AC53-E86376CD4A14}.Debug|Any CPU.ActiveCfg = Debug|Any CPU
		{022E98F9-9ECD-4F69-AC53-E86376CD4A14}.Debug|Any CPU.Build.0 = Debug|Any CPU
		{022E98F9-9ECD-4F69-AC53-E86376CD4A14}.Release|Any CPU.ActiveCfg = Release|Any CPU
		{022E98F9-9ECD-4F69-AC53-E86376CD4A14}.Release|Any CPU.Build.0 = Release|Any CPU
	EndGlobalSection
	GlobalSection(SolutionProperties) = preSolution
		HideSolutionNode = FALSE
	EndGlobalSection
	GlobalSection(ExtensibilityGlobals) = postSolution
		SolutionGuid = {E973D39C-DAA2-4C34-A3EE-29E2769C733C}
	EndGlobalSection
EndGlobal
